
Microsoft Visual Studio Solution File, Format Version 12.00
# Visual Studio Version 17
VisualStudioVersion = 17.9.34728.123
MinimumVisualStudioVersion = 10.0.40219.1
Project("{FAE04EC0-301F-11D3-BF4B-00C04F79EFBC}") = "AquariumQualityControl", "AquariumQualityControl\AquariumQualityControl.csproj", "{5BCC1F4A-99CE-4D96-AB04-1BE4E57F85D0}"
EndProject
Global
	GlobalSection(SolutionConfigurationPlatforms) = preSolution
		Debug|Any CPU = Debug|Any CPU
		Release|Any CPU = Release|Any CPU
	EndGlobalSection
	GlobalSection(ProjectConfigurationPlatforms) = postSolution
		{5BCC1F4A-99CE-4D96-AB04-1BE4E57F85D0}.Debug|Any CPU.ActiveCfg = Debug|Any CPU
		{5BCC1F4A-99CE-4D96-AB04-1BE4E57F85D0}.Debug|Any CPU.Build.0 = Debug|Any CPU
		{5BCC1F4A-99CE-4D96-AB04-1BE4E57F85D0}.Release|Any CPU.ActiveCfg = Release|Any CPU
		{5BCC1F4A-99CE-4D96-AB04-1BE4E57F85D0}.Release|Any CPU.Build.0 = Release|Any CPU
	EndGlobalSection
	GlobalSection(SolutionProperties) = preSolution
		HideSolutionNode = FALSE
	EndGlobalSection
	GlobalSection(ExtensibilityGlobals) = postSolution
		SolutionGuid = {EABA9201-3D09-433E-AD3A-89061D81848F}
	EndGlobalSection
EndGlobal
